
Microsoft Visual Studio Solution File, Format Version 12.00
# Visual Studio Version 17
VisualStudioVersion = 17.4.33110.190
MinimumVisualStudioVersion = 10.0.40219.1
Project("{FAE04EC0-301F-11D3-BF4B-00C04F79EFBC}") = "Sum Root to Leaf Numbers", "Sum Root to Leaf Numbers\Sum Root to Leaf Numbers.csproj", "{FFD07BB1-7C5F-47A3-B9CE-47A6EF7BE4DB}"
EndProject
Global
	GlobalSection(SolutionConfigurationPlatforms) = preSolution
		Debug|Any CPU = Debug|Any CPU
		Release|Any CPU = Release|Any CPU
	EndGlobalSection
	GlobalSection(ProjectConfigurationPlatforms) = postSolution
		{FFD07BB1-7C5F-47A3-B9CE-47A6EF7BE4DB}.Debug|Any CPU.ActiveCfg = Debug|Any CPU
		{FFD07BB1-7C5F-47A3-B9CE-47A6EF7BE4DB}.Debug|Any CPU.Build.0 = Debug|Any CPU
		{FFD07BB1-7C5F-47A3-B9CE-47A6EF7BE4DB}.Release|Any CPU.ActiveCfg = Release|Any CPU
		{FFD07BB1-7C5F-47A3-B9CE-47A6EF7BE4DB}.Release|Any CPU.Build.0 = Release|Any CPU
	EndGlobalSection
	GlobalSection(SolutionProperties) = preSolution
		HideSolutionNode = FALSE
	EndGlobalSection
	GlobalSection(ExtensibilityGlobals) = postSolution
		SolutionGuid = {03F9A83A-1353-4BA8-BBD0-0D53920E3107}
	EndGlobalSection
EndGlobal
